
Microsoft Visual Studio Solution File, Format Version 12.00
# Visual Studio 15
VisualStudioVersion = 15.0.26430.13
MinimumVisualStudioVersion = 10.0.40219.1
Project("{D954291E-2A0B-460D-934E-DC6B0785DB48}") = "Livepie", "Livepie\Livepie\Livepie.shproj", "{E282F1B8-92C5-4909-A478-CB9717D87B37}"
EndProject
Project("{FAE04EC0-301F-11D3-BF4B-00C04F79EFBC}") = "Livepie.Android", "Livepie\Livepie.Android\Livepie.Android.csproj", "{E4524CE4-3EFB-4CA8-9DC5-F5A7CCE6E3FB}"
EndProject
Project("{FAE04EC0-301F-11D3-BF4B-00C04F79EFBC}") = "Livepie.iOS", "Livepie\Livepie.iOS\Livepie.iOS.csproj", "{DEFA7B39-CD9A-47FA-8FAA-CFE65DB8B470}"
EndProject
Project("{FAE04EC0-301F-11D3-BF4B-00C04F79EFBC}") = "Livepie.Services", "Livepie\Livepie.Services\Livepie.Services.csproj", "{61D8AEB5-8F8B-4502-9A1A-E646FB53E157}"
EndProject
Project("{FAE04EC0-301F-11D3-BF4B-00C04F79EFBC}") = "Livepie.Api", "Livepie\Livepie.Api\Livepie.Api.csproj", "{39894DF8-1E16-48A7-B5A3-A8A46435756D}"
EndProject
Project("{E53339B2-1760-4266-BCC7-CA923CBCF16C}") = "docker-compose", "docker-compose.dcproj", "{05881166-7274-44A0-AF85-9D00ED5EDD9B}"
EndProject
Project("{FAE04EC0-301F-11D3-BF4B-00C04F79EFBC}") = "Livepie.Domain", "Livepie\Livepie.Domain\Livepie.Domain.csproj", "{04DF4E44-6829-4BD2-920C-B3AFA513E650}"
EndProject
Global
	GlobalSection(SharedMSBuildProjectFiles) = preSolution
		Livepie\Livepie\Livepie.projitems*{defa7b39-cd9a-47fa-8faa-cfe65db8b470}*SharedItemsImports = 4
		Livepie\Livepie\Livepie.projitems*{e282f1b8-92c5-4909-a478-cb9717d87b37}*SharedItemsImports = 13
		Livepie\Livepie\Livepie.projitems*{e4524ce4-3efb-4ca8-9dc5-f5a7cce6e3fb}*SharedItemsImports = 4
	EndGlobalSection
	GlobalSection(SolutionConfigurationPlatforms) = preSolution
		Ad-Hoc|Any CPU = Ad-Hoc|Any CPU
		Ad-Hoc|ARM = Ad-Hoc|ARM
		Ad-Hoc|iPhone = Ad-Hoc|iPhone
		Ad-Hoc|iPhoneSimulator = Ad-Hoc|iPhoneSimulator
		Ad-Hoc|x64 = Ad-Hoc|x64
		Ad-Hoc|x86 = Ad-Hoc|x86
		AppStore|Any CPU = AppStore|Any CPU
		AppStore|ARM = AppStore|ARM
		AppStore|iPhone = AppStore|iPhone
		AppStore|iPhoneSimulator = AppStore|iPhoneSimulator
		AppStore|x64 = AppStore|x64
		AppStore|x86 = AppStore|x86
		Debug|Any CPU = Debug|Any CPU
		Debug|ARM = Debug|ARM
		Debug|iPhone = Debug|iPhone
		Debug|iPhoneSimulator = Debug|iPhoneSimulator
		Debug|x64 = Debug|x64
		Debug|x86 = Debug|x86
		Release|Any CPU = Release|Any CPU
		Release|ARM = Release|ARM
		Release|iPhone = Release|iPhone
		Release|iPhoneSimulator = Release|iPhoneSimulator
		Release|x64 = Release|x64
		Release|x86 = Release|x86
	EndGlobalSection
	GlobalSection(ProjectConfigurationPlatforms) = postSolution
		{E4524CE4-3EFB-4CA8-9DC5-F5A7CCE6E3FB}.Ad-Hoc|Any CPU.ActiveCfg = Release|Any CPU
		{E4524CE4-3EFB-4CA8-9DC5-F5A7CCE6E3FB}.Ad-Hoc|Any CPU.Build.0 = Release|Any CPU
		{E4524CE4-3EFB-4CA8-9DC5-F5A7CCE6E3FB}.Ad-Hoc|Any CPU.Deploy.0 = Release|Any CPU
		{E4524CE4-3EFB-4CA8-9DC5-F5A7CCE6E3FB}.Ad-Hoc|ARM.ActiveCfg = Release|Any CPU
		{E4524CE4-3EFB-4CA8-9DC5-F5A7CCE6E3FB}.Ad-Hoc|ARM.Build.0 = Release|Any CPU
		{E4524CE4-3EFB-4CA8-9DC5-F5A7CCE6E3FB}.Ad-Hoc|ARM.Deploy.0 = Release|Any CPU
		{E4524CE4-3EFB-4CA8-9DC5-F5A7CCE6E3FB}.Ad-Hoc|iPhone.ActiveCfg = Release|Any CPU
		{E4524CE4-3EFB-4CA8-9DC5-F5A7CCE6E3FB}.Ad-Hoc|iPhone.Build.0 = Release|Any CPU
		{E4524CE4-3EFB-4CA8-9DC5-F5A7CCE6E3FB}.Ad-Hoc|iPhone.Deploy.0 = Release|Any CPU
		{E4524CE4-3EFB-4CA8-9DC5-F5A7CCE6E3FB}.Ad-Hoc|iPhoneSimulator.ActiveCfg = Release|Any CPU
		{E4524CE4-3EFB-4CA8-9DC5-F5A7CCE6E3FB}.Ad-Hoc|iPhoneSimulator.Build.0 = Release|Any CPU
		{E4524CE4-3EFB-4CA8-9DC5-F5A7CCE6E3FB}.Ad-Hoc|iPhoneSimulator.Deploy.0 = Release|Any CPU
		{E4524CE4-3EFB-4CA8-9DC5-F5A7CCE6E3FB}.Ad-Hoc|x64.ActiveCfg = Release|Any CPU
		{E4524CE4-3EFB-4CA8-9DC5-F5A7CCE6E3FB}.Ad-Hoc|x64.Build.0 = Release|Any CPU
		{E4524CE4-3EFB-4CA8-9DC5-F5A7CCE6E3FB}.Ad-Hoc|x64.Deploy.0 = Release|Any CPU
		{E4524CE4-3EFB-4CA8-9DC5-F5A7CCE6E3FB}.Ad-Hoc|x86.ActiveCfg = Release|Any CPU
		{E4524CE4-3EFB-4CA8-9DC5-F5A7CCE6E3FB}.Ad-Hoc|x86.Build.0 = Release|Any CPU
		{E4524CE4-3EFB-4CA8-9DC5-F5A7CCE6E3FB}.Ad-Hoc|x86.Deploy.0 = Release|Any CPU
		{E4524CE4-3EFB-4CA8-9DC5-F5A7CCE6E3FB}.AppStore|Any CPU.ActiveCfg = Release|Any CPU
		{E4524CE4-3EFB-4CA8-9DC5-F5A7CCE6E3FB}.AppStore|Any CPU.Build.0 = Release|Any CPU
		{E4524CE4-3EFB-4CA8-9DC5-F5A7CCE6E3FB}.AppStore|Any CPU.Deploy.0 = Release|Any CPU
		{E4524CE4-3EFB-4CA8-9DC5-F5A7CCE6E3FB}.AppStore|ARM.ActiveCfg = Release|Any CPU
		{E4524CE4-3EFB-4CA8-9DC5-F5A7CCE6E3FB}.AppStore|ARM.Build.0 = Release|Any CPU
		{E4524CE4-3EFB-4CA8-9DC5-F5A7CCE6E3FB}.AppStore|ARM.Deploy.0 = Release|Any CPU
		{E4524CE4-3EFB-4CA8-9DC5-F5A7CCE6E3FB}.AppStore|iPhone.ActiveCfg = Release|Any CPU
		{E4524CE4-3EFB-4CA8-9DC5-F5A7CCE6E3FB}.AppStore|iPhone.Build.0 = Release|Any CPU
		{E4524CE4-3EFB-4CA8-9DC5-F5A7CCE6E3FB}.AppStore|iPhone.Deploy.0 = Release|Any CPU
		{E4524CE4-3EFB-4CA8-9DC5-F5A7CCE6E3FB}.AppStore|iPhoneSimulator.ActiveCfg = Release|Any CPU
		{E4524CE4-3EFB-4CA8-9DC5-F5A7CCE6E3FB}.AppStore|iPhoneSimulator.Build.0 = Release|Any CPU
		{E4524CE4-3EFB-4CA8-9DC5-F5A7CCE6E3FB}.AppStore|iPhoneSimulator.Deploy.0 = Release|Any CPU
		{E4524CE4-3EFB-4CA8-9DC5-F5A7CCE6E3FB}.AppStore|x64.ActiveCfg = Release|Any CPU
		{E4524CE4-3EFB-4CA8-9DC5-F5A7CCE6E3FB}.AppStore|x64.Build.0 = Release|Any CPU
		{E4524CE4-3EFB-4CA8-9DC5-F5A7CCE6E3FB}.AppStore|x64.Deploy.0 = Release|Any CPU
		{E4524CE4-3EFB-4CA8-9DC5-F5A7CCE6E3FB}.AppStore|x86.ActiveCfg = Release|Any CPU
		{E4524CE4-3EFB-4CA8-9DC5-F5A7CCE6E3FB}.AppStore|x86.Build.0 = Release|Any CPU
		{E4524CE4-3EFB-4CA8-9DC5-F5A7CCE6E3FB}.AppStore|x86.Deploy.0 = Release|Any CPU
		{E4524CE4-3EFB-4CA8-9DC5-F5A7CCE6E3FB}.Debug|Any CPU.ActiveCfg = Debug|Any CPU
		{E4524CE4-3EFB-4CA8-9DC5-F5A7CCE6E3FB}.Debug|Any CPU.Build.0 = Debug|Any CPU
		{E4524CE4-3EFB-4CA8-9DC5-F5A7CCE6E3FB}.Debug|Any CPU.Deploy.0 = Debug|Any CPU
		{E4524CE4-3EFB-4CA8-9DC5-F5A7CCE6E3FB}.Debug|ARM.ActiveCfg = Debug|Any CPU
		{E4524CE4-3EFB-4CA8-9DC5-F5A7CCE6E3FB}.Debug|ARM.Build.0 = Debug|Any CPU
		{E4524CE4-3EFB-4CA8-9DC5-F5A7CCE6E3FB}.Debug|ARM.Deploy.0 = Debug|Any CPU
		{E4524CE4-3EFB-4CA8-9DC5-F5A7CCE6E3FB}.Debug|iPhone.ActiveCfg = Debug|Any CPU
		{E4524CE4-3EFB-4CA8-9DC5-F5A7CCE6E3FB}.Debug|iPhone.Build.0 = Debug|Any CPU
		{E4524CE4-3EFB-4CA8-9DC5-F5A7CCE6E3FB}.Debug|iPhone.Deploy.0 = Debug|Any CPU
		{E4524CE4-3EFB-4CA8-9DC5-F5A7CCE6E3FB}.Debug|iPhoneSimulator.ActiveCfg = Debug|Any CPU
		{E4524CE4-3EFB-4CA8-9DC5-F5A7CCE6E3FB}.Debug|iPhoneSimulator.Build.0 = Debug|Any CPU
		{E4524CE4-3EFB-4CA8-9DC5-F5A7CCE6E3FB}.Debug|iPhoneSimulator.Deploy.0 = Debug|Any CPU
		{E4524CE4-3EFB-4CA8-9DC5-F5A7CCE6E3FB}.Debug|x64.ActiveCfg = Debug|Any CPU
		{E4524CE4-3EFB-4CA8-9DC5-F5A7CCE6E3FB}.Debug|x64.Build.0 = Debug|Any CPU
		{E4524CE4-3EFB-4CA8-9DC5-F5A7CCE6E3FB}.Debug|x64.Deploy.0 = Debug|Any CPU
		{E4524CE4-3EFB-4CA8-9DC5-F5A7CCE6E3FB}.Debug|x86.ActiveCfg = Debug|Any CPU
		{E4524CE4-3EFB-4CA8-9DC5-F5A7CCE6E3FB}.Debug|x86.Build.0 = Debug|Any CPU
		{E4524CE4-3EFB-4CA8-9DC5-F5A7CCE6E3FB}.Debug|x86.Deploy.0 = Debug|Any CPU
		{E4524CE4-3EFB-4CA8-9DC5-F5A7CCE6E3FB}.Release|Any CPU.ActiveCfg = Release|Any CPU
		{E4524CE4-3EFB-4CA8-9DC5-F5A7CCE6E3FB}.Release|Any CPU.Build.0 = Release|Any CPU
		{E4524CE4-3EFB-4CA8-9DC5-F5A7CCE6E3FB}.Release|Any CPU.Deploy.0 = Release|Any CPU
		{E4524CE4-3EFB-4CA8-9DC5-F5A7CCE6E3FB}.Release|ARM.ActiveCfg = Release|Any CPU
		{E4524CE4-3EFB-4CA8-9DC5-F5A7CCE6E3FB}.Release|ARM.Build.0 = Release|Any CPU
		{E4524CE4-3EFB-4CA8-9DC5-F5A7CCE6E3FB}.Release|ARM.Deploy.0 = Release|Any CPU
		{E4524CE4-3EFB-4CA8-9DC5-F5A7CCE6E3FB}.Release|iPhone.ActiveCfg = Release|Any CPU
		{E4524CE4-3EFB-4CA8-9DC5-F5A7CCE6E3FB}.Release|iPhone.Build.0 = Release|Any CPU
		{E4524CE4-3EFB-4CA8-9DC5-F5A7CCE6E3FB}.Release|iPhone.Deploy.0 = Release|Any CPU
		{E4524CE4-3EFB-4CA8-9DC5-F5A7CCE6E3FB}.Release|iPhoneSimulator.ActiveCfg = Release|Any CPU
		{E4524CE4-3EFB-4CA8-9DC5-F5A7CCE6E3FB}.Release|iPhoneSimulator.Build.0 = Release|Any CPU
		{E4524CE4-3EFB-4CA8-9DC5-F5A7CCE6E3FB}.Release|iPhoneSimulator.Deploy.0 = Release|Any CPU
		{E4524CE4-3EFB-4CA8-9DC5-F5A7CCE6E3FB}.Release|x64.ActiveCfg = Release|Any CPU
		{E4524CE4-3EFB-4CA8-9DC5-F5A7CCE6E3FB}.Release|x64.Build.0 = Release|Any CPU
		{E4524CE4-3EFB-4CA8-9DC5-F5A7CCE6E3FB}.Release|x64.Deploy.0 = Release|Any CPU
		{E4524CE4-3EFB-4CA8-9DC5-F5A7CCE6E3FB}.Release|x86.ActiveCfg = Release|Any CPU
		{E4524CE4-3EFB-4CA8-9DC5-F5A7CCE6E3FB}.Release|x86.Build.0 = Release|Any CPU
		{E4524CE4-3EFB-4CA8-9DC5-F5A7CCE6E3FB}.Release|x86.Deploy.0 = Release|Any CPU
		{DEFA7B39-CD9A-47FA-8FAA-CFE65DB8B470}.Ad-Hoc|Any CPU.ActiveCfg = Ad-Hoc|iPhone
		{DEFA7B39-CD9A-47FA-8FAA-CFE65DB8B470}.Ad-Hoc|ARM.ActiveCfg = Ad-Hoc|iPhone
		{DEFA7B39-CD9A-47FA-8FAA-CFE65DB8B470}.Ad-Hoc|iPhone.ActiveCfg = Ad-Hoc|iPhone
		{DEFA7B39-CD9A-47FA-8FAA-CFE65DB8B470}.Ad-Hoc|iPhone.Build.0 = Ad-Hoc|iPhone
		{DEFA7B39-CD9A-47FA-8FAA-CFE65DB8B470}.Ad-Hoc|iPhoneSimulator.ActiveCfg = Ad-Hoc|iPhoneSimulator
		{DEFA7B39-CD9A-47FA-8FAA-CFE65DB8B470}.Ad-Hoc|iPhoneSimulator.Build.0 = Ad-Hoc|iPhoneSimulator
		{DEFA7B39-CD9A-47FA-8FAA-CFE65DB8B470}.Ad-Hoc|x64.ActiveCfg = Ad-Hoc|iPhone
		{DEFA7B39-CD9A-47FA-8FAA-CFE65DB8B470}.Ad-Hoc|x86.ActiveCfg = Ad-Hoc|iPhone
		{DEFA7B39-CD9A-47FA-8FAA-CFE65DB8B470}.AppStore|Any CPU.ActiveCfg = AppStore|iPhone
		{DEFA7B39-CD9A-47FA-8FAA-CFE65DB8B470}.AppStore|ARM.ActiveCfg = AppStore|iPhone
		{DEFA7B39-CD9A-47FA-8FAA-CFE65DB8B470}.AppStore|iPhone.ActiveCfg = AppStore|iPhone
		{DEFA7B39-CD9A-47FA-8FAA-CFE65DB8B470}.AppStore|iPhone.Build.0 = AppStore|iPhone
		{DEFA7B39-CD9A-47FA-8FAA-CFE65DB8B470}.AppStore|iPhoneSimulator.ActiveCfg = AppStore|iPhoneSimulator
		{DEFA7B39-CD9A-47FA-8FAA-CFE65DB8B470}.AppStore|iPhoneSimulator.Build.0 = AppStore|iPhoneSimulator
		{DEFA7B39-CD9A-47FA-8FAA-CFE65DB8B470}.AppStore|x64.ActiveCfg = AppStore|iPhone
		{DEFA7B39-CD9A-47FA-8FAA-CFE65DB8B470}.AppStore|x86.ActiveCfg = AppStore|iPhone
		{DEFA7B39-CD9A-47FA-8FAA-CFE65DB8B470}.Debug|Any CPU.ActiveCfg = Debug|iPhone
		{DEFA7B39-CD9A-47FA-8FAA-CFE65DB8B470}.Debug|ARM.ActiveCfg = Debug|iPhone
		{DEFA7B39-CD9A-47FA-8FAA-CFE65DB8B470}.Debug|iPhone.ActiveCfg = Debug|iPhone
		{DEFA7B39-CD9A-47FA-8FAA-CFE65DB8B470}.Debug|iPhone.Build.0 = Debug|iPhone
		{DEFA7B39-CD9A-47FA-8FAA-CFE65DB8B470}.Debug|iPhoneSimulator.ActiveCfg = Debug|iPhoneSimulator
		{DEFA7B39-CD9A-47FA-8FAA-CFE65DB8B470}.Debug|iPhoneSimulator.Build.0 = Debug|iPhoneSimulator
		{DEFA7B39-CD9A-47FA-8FAA-CFE65DB8B470}.Debug|x64.ActiveCfg = Debug|iPhone
		{DEFA7B39-CD9A-47FA-8FAA-CFE65DB8B470}.Debug|x86.ActiveCfg = Debug|iPhone
		{DEFA7B39-CD9A-47FA-8FAA-CFE65DB8B470}.Release|Any CPU.ActiveCfg = Release|iPhone
		{DEFA7B39-CD9A-47FA-8FAA-CFE65DB8B470}.Release|ARM.ActiveCfg = Release|iPhone
		{DEFA7B39-CD9A-47FA-8FAA-CFE65DB8B470}.Release|iPhone.ActiveCfg = Release|iPhone
		{DEFA7B39-CD9A-47FA-8FAA-CFE65DB8B470}.Release|iPhone.Build.0 = Release|iPhone
		{DEFA7B39-CD9A-47FA-8FAA-CFE65DB8B470}.Release|iPhoneSimulator.ActiveCfg = Release|iPhoneSimulator
		{DEFA7B39-CD9A-47FA-8FAA-CFE65DB8B470}.Release|iPhoneSimulator.Build.0 = Release|iPhoneSimulator
		{DEFA7B39-CD9A-47FA-8FAA-CFE65DB8B470}.Release|x64.ActiveCfg = Release|iPhone
		{DEFA7B39-CD9A-47FA-8FAA-CFE65DB8B470}.Release|x86.ActiveCfg = Release|iPhone
		{61D8AEB5-8F8B-4502-9A1A-E646FB53E157}.Ad-Hoc|Any CPU.ActiveCfg = Release|Any CPU
		{61D8AEB5-8F8B-4502-9A1A-E646FB53E157}.Ad-Hoc|Any CPU.Build.0 = Release|Any CPU
		{61D8AEB5-8F8B-4502-9A1A-E646FB53E157}.Ad-Hoc|ARM.ActiveCfg = Release|Any CPU
		{61D8AEB5-8F8B-4502-9A1A-E646FB53E157}.Ad-Hoc|ARM.Build.0 = Release|Any CPU
		{61D8AEB5-8F8B-4502-9A1A-E646FB53E157}.Ad-Hoc|iPhone.ActiveCfg = Release|Any CPU
		{61D8AEB5-8F8B-4502-9A1A-E646FB53E157}.Ad-Hoc|iPhone.Build.0 = Release|Any CPU
		{61D8AEB5-8F8B-4502-9A1A-E646FB53E157}.Ad-Hoc|iPhoneSimulator.ActiveCfg = Release|Any CPU
		{61D8AEB5-8F8B-4502-9A1A-E646FB53E157}.Ad-Hoc|iPhoneSimulator.Build.0 = Release|Any CPU
		{61D8AEB5-8F8B-4502-9A1A-E646FB53E157}.Ad-Hoc|x64.ActiveCfg = Release|Any CPU
		{61D8AEB5-8F8B-4502-9A1A-E646FB53E157}.Ad-Hoc|x64.Build.0 = Release|Any CPU
		{61D8AEB5-8F8B-4502-9A1A-E646FB53E157}.Ad-Hoc|x86.ActiveCfg = Release|Any CPU
		{61D8AEB5-8F8B-4502-9A1A-E646FB53E157}.Ad-Hoc|x86.Build.0 = Release|Any CPU
		{61D8AEB5-8F8B-4502-9A1A-E646FB53E157}.AppStore|Any CPU.ActiveCfg = Release|Any CPU
		{61D8AEB5-8F8B-4502-9A1A-E646FB53E157}.AppStore|Any CPU.Build.0 = Release|Any CPU
		{61D8AEB5-8F8B-4502-9A1A-E646FB53E157}.AppStore|ARM.ActiveCfg = Release|Any CPU
		{61D8AEB5-8F8B-4502-9A1A-E646FB53E157}.AppStore|ARM.Build.0 = Release|Any CPU
		{61D8AEB5-8F8B-4502-9A1A-E646FB53E157}.AppStore|iPhone.ActiveCfg = Release|Any CPU
		{61D8AEB5-8F8B-4502-9A1A-E646FB53E157}.AppStore|iPhone.Build.0 = Release|Any CPU
		{61D8AEB5-8F8B-4502-9A1A-E646FB53E157}.AppStore|iPhoneSimulator.ActiveCfg = Release|Any CPU
		{61D8AEB5-8F8B-4502-9A1A-E646FB53E157}.AppStore|iPhoneSimulator.Build.0 = Release|Any CPU
		{61D8AEB5-8F8B-4502-9A1A-E646FB53E157}.AppStore|x64.ActiveCfg = Release|Any CPU
		{61D8AEB5-8F8B-4502-9A1A-E646FB53E157}.AppStore|x64.Build.0 = Release|Any CPU
		{61D8AEB5-8F8B-4502-9A1A-E646FB53E157}.AppStore|x86.ActiveCfg = Release|Any CPU
		{61D8AEB5-8F8B-4502-9A1A-E646FB53E157}.AppStore|x86.Build.0 = Release|Any CPU
		{61D8AEB5-8F8B-4502-9A1A-E646FB53E157}.Debug|Any CPU.ActiveCfg = Debug|Any CPU
		{61D8AEB5-8F8B-4502-9A1A-E646FB53E157}.Debug|Any CPU.Build.0 = Debug|Any CPU
		{61D8AEB5-8F8B-4502-9A1A-E646FB53E157}.Debug|ARM.ActiveCfg = Debug|Any CPU
		{61D8AEB5-8F8B-4502-9A1A-E646FB53E157}.Debug|ARM.Build.0 = Debug|Any CPU
		{61D8AEB5-8F8B-4502-9A1A-E646FB53E157}.Debug|iPhone.ActiveCfg = Debug|Any CPU
		{61D8AEB5-8F8B-4502-9A1A-E646FB53E157}.Debug|iPhone.Build.0 = Debug|Any CPU
		{61D8AEB5-8F8B-4502-9A1A-E646FB53E157}.Debug|iPhoneSimulator.ActiveCfg = Debug|Any CPU
		{61D8AEB5-8F8B-4502-9A1A-E646FB53E157}.Debug|iPhoneSimulator.Build.0 = Debug|Any CPU
		{61D8AEB5-8F8B-4502-9A1A-E646FB53E157}.Debug|x64.ActiveCfg = Debug|Any CPU
		{61D8AEB5-8F8B-4502-9A1A-E646FB53E157}.Debug|x64.Build.0 = Debug|Any CPU
		{61D8AEB5-8F8B-4502-9A1A-E646FB53E157}.Debug|x86.ActiveCfg = Debug|Any CPU
		{61D8AEB5-8F8B-4502-9A1A-E646FB53E157}.Debug|x86.Build.0 = Debug|Any CPU
		{61D8AEB5-8F8B-4502-9A1A-E646FB53E157}.Release|Any CPU.ActiveCfg = Release|Any CPU
		{61D8AEB5-8F8B-4502-9A1A-E646FB53E157}.Release|Any CPU.Build.0 = Release|Any CPU
		{61D8AEB5-8F8B-4502-9A1A-E646FB53E157}.Release|ARM.ActiveCfg = Release|Any CPU
		{61D8AEB5-8F8B-4502-9A1A-E646FB53E157}.Release|ARM.Build.0 = Release|Any CPU
		{61D8AEB5-8F8B-4502-9A1A-E646FB53E157}.Release|iPhone.ActiveCfg = Release|Any CPU
		{61D8AEB5-8F8B-4502-9A1A-E646FB53E157}.Release|iPhone.Build.0 = Release|Any CPU
		{61D8AEB5-8F8B-4502-9A1A-E646FB53E157}.Release|iPhoneSimulator.ActiveCfg = Release|Any CPU
		{61D8AEB5-8F8B-4502-9A1A-E646FB53E157}.Release|iPhoneSimulator.Build.0 = Release|Any CPU
		{61D8AEB5-8F8B-4502-9A1A-E646FB53E157}.Release|x64.ActiveCfg = Release|Any CPU
		{61D8AEB5-8F8B-4502-9A1A-E646FB53E157}.Release|x64.Build.0 = Release|Any CPU
		{61D8AEB5-8F8B-4502-9A1A-E646FB53E157}.Release|x86.ActiveCfg = Release|Any CPU
		{61D8AEB5-8F8B-4502-9A1A-E646FB53E157}.Release|x86.Build.0 = Release|Any CPU
		{39894DF8-1E16-48A7-B5A3-A8A46435756D}.Ad-Hoc|Any CPU.ActiveCfg = Debug|Any CPU
		{39894DF8-1E16-48A7-B5A3-A8A46435756D}.Ad-Hoc|Any CPU.Build.0 = Debug|Any CPU
		{39894DF8-1E16-48A7-B5A3-A8A46435756D}.Ad-Hoc|ARM.ActiveCfg = Debug|Any CPU
		{39894DF8-1E16-48A7-B5A3-A8A46435756D}.Ad-Hoc|ARM.Build.0 = Debug|Any CPU
		{39894DF8-1E16-48A7-B5A3-A8A46435756D}.Ad-Hoc|iPhone.ActiveCfg = Debug|Any CPU
		{39894DF8-1E16-48A7-B5A3-A8A46435756D}.Ad-Hoc|iPhone.Build.0 = Debug|Any CPU
		{39894DF8-1E16-48A7-B5A3-A8A46435756D}.Ad-Hoc|iPhoneSimulator.ActiveCfg = Debug|Any CPU
		{39894DF8-1E16-48A7-B5A3-A8A46435756D}.Ad-Hoc|iPhoneSimulator.Build.0 = Debug|Any CPU
		{39894DF8-1E16-48A7-B5A3-A8A46435756D}.Ad-Hoc|x64.ActiveCfg = Debug|Any CPU
		{39894DF8-1E16-48A7-B5A3-A8A46435756D}.Ad-Hoc|x64.Build.0 = Debug|Any CPU
		{39894DF8-1E16-48A7-B5A3-A8A46435756D}.Ad-Hoc|x86.ActiveCfg = Debug|Any CPU
		{39894DF8-1E16-48A7-B5A3-A8A46435756D}.Ad-Hoc|x86.Build.0 = Debug|Any CPU
		{39894DF8-1E16-48A7-B5A3-A8A46435756D}.AppStore|Any CPU.ActiveCfg = Debug|Any CPU
		{39894DF8-1E16-48A7-B5A3-A8A46435756D}.AppStore|Any CPU.Build.0 = Debug|Any CPU
		{39894DF8-1E16-48A7-B5A3-A8A46435756D}.AppStore|ARM.ActiveCfg = Debug|Any CPU
		{39894DF8-1E16-48A7-B5A3-A8A46435756D}.AppStore|ARM.Build.0 = Debug|Any CPU
		{39894DF8-1E16-48A7-B5A3-A8A46435756D}.AppStore|iPhone.ActiveCfg = Debug|Any CPU
		{39894DF8-1E16-48A7-B5A3-A8A46435756D}.AppStore|iPhone.Build.0 = Debug|Any CPU
		{39894DF8-1E16-48A7-B5A3-A8A46435756D}.AppStore|iPhoneSimulator.ActiveCfg = Debug|Any CPU
		{39894DF8-1E16-48A7-B5A3-A8A46435756D}.AppStore|iPhoneSimulator.Build.0 = Debug|Any CPU
		{39894DF8-1E16-48A7-B5A3-A8A46435756D}.AppStore|x64.ActiveCfg = Debug|Any CPU
		{39894DF8-1E16-48A7-B5A3-A8A46435756D}.AppStore|x64.Build.0 = Debug|Any CPU
		{39894DF8-1E16-48A7-B5A3-A8A46435756D}.AppStore|x86.ActiveCfg = Debug|Any CPU
		{39894DF8-1E16-48A7-B5A3-A8A46435756D}.AppStore|x86.Build.0 = Debug|Any CPU
		{39894DF8-1E16-48A7-B5A3-A8A46435756D}.Debug|Any CPU.ActiveCfg = Debug|Any CPU
		{39894DF8-1E16-48A7-B5A3-A8A46435756D}.Debug|Any CPU.Build.0 = Debug|Any CPU
		{39894DF8-1E16-48A7-B5A3-A8A46435756D}.Debug|ARM.ActiveCfg = Debug|Any CPU
		{39894DF8-1E16-48A7-B5A3-A8A46435756D}.Debug|ARM.Build.0 = Debug|Any CPU
		{39894DF8-1E16-48A7-B5A3-A8A46435756D}.Debug|iPhone.ActiveCfg = Debug|Any CPU
		{39894DF8-1E16-48A7-B5A3-A8A46435756D}.Debug|iPhone.Build.0 = Debug|Any CPU
		{39894DF8-1E16-48A7-B5A3-A8A46435756D}.Debug|iPhoneSimulator.ActiveCfg = Debug|Any CPU
		{39894DF8-1E16-48A7-B5A3-A8A46435756D}.Debug|iPhoneSimulator.Build.0 = Debug|Any CPU
		{39894DF8-1E16-48A7-B5A3-A8A46435756D}.Debug|x64.ActiveCfg = Debug|Any CPU
		{39894DF8-1E16-48A7-B5A3-A8A46435756D}.Debug|x64.Build.0 = Debug|Any CPU
		{39894DF8-1E16-48A7-B5A3-A8A46435756D}.Debug|x86.ActiveCfg = Debug|Any CPU
		{39894DF8-1E16-48A7-B5A3-A8A46435756D}.Debug|x86.Build.0 = Debug|Any CPU
		{39894DF8-1E16-48A7-B5A3-A8A46435756D}.Release|Any CPU.ActiveCfg = Release|Any CPU
		{39894DF8-1E16-48A7-B5A3-A8A46435756D}.Release|Any CPU.Build.0 = Release|Any CPU
		{39894DF8-1E16-48A7-B5A3-A8A46435756D}.Release|ARM.ActiveCfg = Release|Any CPU
		{39894DF8-1E16-48A7-B5A3-A8A46435756D}.Release|ARM.Build.0 = Release|Any CPU
		{39894DF8-1E16-48A7-B5A3-A8A46435756D}.Release|iPhone.ActiveCfg = Release|Any CPU
		{39894DF8-1E16-48A7-B5A3-A8A46435756D}.Release|iPhone.Build.0 = Release|Any CPU
		{39894DF8-1E16-48A7-B5A3-A8A46435756D}.Release|iPhoneSimulator.ActiveCfg = Release|Any CPU
		{39894DF8-1E16-48A7-B5A3-A8A46435756D}.Release|iPhoneSimulator.Build.0 = Release|Any CPU
		{39894DF8-1E16-48A7-B5A3-A8A46435756D}.Release|x64.ActiveCfg = Release|Any CPU
		{39894DF8-1E16-48A7-B5A3-A8A46435756D}.Release|x64.Build.0 = Release|Any CPU
		{39894DF8-1E16-48A7-B5A3-A8A46435756D}.Release|x86.ActiveCfg = Release|Any CPU
		{39894DF8-1E16-48A7-B5A3-A8A46435756D}.Release|x86.Build.0 = Release|Any CPU
		{05881166-7274-44A0-AF85-9D00ED5EDD9B}.Ad-Hoc|Any CPU.ActiveCfg = Debug|Any CPU
		{05881166-7274-44A0-AF85-9D00ED5EDD9B}.Ad-Hoc|Any CPU.Build.0 = Debug|Any CPU
		{05881166-7274-44A0-AF85-9D00ED5EDD9B}.Ad-Hoc|ARM.ActiveCfg = Debug|Any CPU
		{05881166-7274-44A0-AF85-9D00ED5EDD9B}.Ad-Hoc|ARM.Build.0 = Debug|Any CPU
		{05881166-7274-44A0-AF85-9D00ED5EDD9B}.Ad-Hoc|iPhone.ActiveCfg = Debug|Any CPU
		{05881166-7274-44A0-AF85-9D00ED5EDD9B}.Ad-Hoc|iPhone.Build.0 = Debug|Any CPU
		{05881166-7274-44A0-AF85-9D00ED5EDD9B}.Ad-Hoc|iPhoneSimulator.ActiveCfg = Debug|Any CPU
		{05881166-7274-44A0-AF85-9D00ED5EDD9B}.Ad-Hoc|iPhoneSimulator.Build.0 = Debug|Any CPU
		{05881166-7274-44A0-AF85-9D00ED5EDD9B}.Ad-Hoc|x64.ActiveCfg = Debug|Any CPU
		{05881166-7274-44A0-AF85-9D00ED5EDD9B}.Ad-Hoc|x64.Build.0 = Debug|Any CPU
		{05881166-7274-44A0-AF85-9D00ED5EDD9B}.Ad-Hoc|x86.ActiveCfg = Debug|Any CPU
		{05881166-7274-44A0-AF85-9D00ED5EDD9B}.Ad-Hoc|x86.Build.0 = Debug|Any CPU
		{05881166-7274-44A0-AF85-9D00ED5EDD9B}.AppStore|Any CPU.ActiveCfg = Debug|Any CPU
		{05881166-7274-44A0-AF85-9D00ED5EDD9B}.AppStore|Any CPU.Build.0 = Debug|Any CPU
		{05881166-7274-44A0-AF85-9D00ED5EDD9B}.AppStore|ARM.ActiveCfg = Debug|Any CPU
		{05881166-7274-44A0-AF85-9D00ED5EDD9B}.AppStore|ARM.Build.0 = Debug|Any CPU
		{05881166-7274-44A0-AF85-9D00ED5EDD9B}.AppStore|iPhone.ActiveCfg = Debug|Any CPU
		{05881166-7274-44A0-AF85-9D00ED5EDD9B}.AppStore|iPhone.Build.0 = Debug|Any CPU
		{05881166-7274-44A0-AF85-9D00ED5EDD9B}.AppStore|iPhoneSimulator.ActiveCfg = Debug|Any CPU
		{05881166-7274-44A0-AF85-9D00ED5EDD9B}.AppStore|iPhoneSimulator.Build.0 = Debug|Any CPU
		{05881166-7274-44A0-AF85-9D00ED5EDD9B}.AppStore|x64.ActiveCfg = Debug|Any CPU
		{05881166-7274-44A0-AF85-9D00ED5EDD9B}.AppStore|x64.Build.0 = Debug|Any CPU
		{05881166-7274-44A0-AF85-9D00ED5EDD9B}.AppStore|x86.ActiveCfg = Debug|Any CPU
		{05881166-7274-44A0-AF85-9D00ED5EDD9B}.AppStore|x86.Build.0 = Debug|Any CPU
		{05881166-7274-44A0-AF85-9D00ED5EDD9B}.Debug|Any CPU.ActiveCfg = Debug|Any CPU
		{05881166-7274-44A0-AF85-9D00ED5EDD9B}.Debug|Any CPU.Build.0 = Debug|Any CPU
		{05881166-7274-44A0-AF85-9D00ED5EDD9B}.Debug|ARM.ActiveCfg = Debug|Any CPU
		{05881166-7274-44A0-AF85-9D00ED5EDD9B}.Debug|ARM.Build.0 = Debug|Any CPU
		{05881166-7274-44A0-AF85-9D00ED5EDD9B}.Debug|iPhone.ActiveCfg = Debug|Any CPU
		{05881166-7274-44A0-AF85-9D00ED5EDD9B}.Debug|iPhone.Build.0 = Debug|Any CPU
		{05881166-7274-44A0-AF85-9D00ED5EDD9B}.Debug|iPhoneSimulator.ActiveCfg = Debug|Any CPU
		{05881166-7274-44A0-AF85-9D00ED5EDD9B}.Debug|iPhoneSimulator.Build.0 = Debug|Any CPU
		{05881166-7274-44A0-AF85-9D00ED5EDD9B}.Debug|x64.ActiveCfg = Debug|Any CPU
		{05881166-7274-44A0-AF85-9D00ED5EDD9B}.Debug|x64.Build.0 = Debug|Any CPU
		{05881166-7274-44A0-AF85-9D00ED5EDD9B}.Debug|x86.ActiveCfg = Debug|Any CPU
		{05881166-7274-44A0-AF85-9D00ED5EDD9B}.Debug|x86.Build.0 = Debug|Any CPU
		{05881166-7274-44A0-AF85-9D00ED5EDD9B}.Release|Any CPU.ActiveCfg = Release|Any CPU
		{05881166-7274-44A0-AF85-9D00ED5EDD9B}.Release|Any CPU.Build.0 = Release|Any CPU
		{05881166-7274-44A0-AF85-9D00ED5EDD9B}.Release|ARM.ActiveCfg = Release|Any CPU
		{05881166-7274-44A0-AF85-9D00ED5EDD9B}.Release|ARM.Build.0 = Release|Any CPU
		{05881166-7274-44A0-AF85-9D00ED5EDD9B}.Release|iPhone.ActiveCfg = Release|Any CPU
		{05881166-7274-44A0-AF85-9D00ED5EDD9B}.Release|iPhone.Build.0 = Release|Any CPU
		{05881166-7274-44A0-AF85-9D00ED5EDD9B}.Release|iPhoneSimulator.ActiveCfg = Release|Any CPU
		{05881166-7274-44A0-AF85-9D00ED5EDD9B}.Release|iPhoneSimulator.Build.0 = Release|Any CPU
		{05881166-7274-44A0-AF85-9D00ED5EDD9B}.Release|x64.ActiveCfg = Release|Any CPU
		{05881166-7274-44A0-AF85-9D00ED5EDD9B}.Release|x64.Build.0 = Release|Any CPU
		{05881166-7274-44A0-AF85-9D00ED5EDD9B}.Release|x86.ActiveCfg = Release|Any CPU
		{05881166-7274-44A0-AF85-9D00ED5EDD9B}.Release|x86.Build.0 = Release|Any CPU
		{04DF4E44-6829-4BD2-920C-B3AFA513E650}.Ad-Hoc|Any CPU.ActiveCfg = Debug|Any CPU
		{04DF4E44-6829-4BD2-920C-B3AFA513E650}.Ad-Hoc|Any CPU.Build.0 = Debug|Any CPU
		{04DF4E44-6829-4BD2-920C-B3AFA513E650}.Ad-Hoc|ARM.ActiveCfg = Debug|Any CPU
		{04DF4E44-6829-4BD2-920C-B3AFA513E650}.Ad-Hoc|ARM.Build.0 = Debug|Any CPU
		{04DF4E44-6829-4BD2-920C-B3AFA513E650}.Ad-Hoc|iPhone.ActiveCfg = Debug|Any CPU
		{04DF4E44-6829-4BD2-920C-B3AFA513E650}.Ad-Hoc|iPhone.Build.0 = Debug|Any CPU
		{04DF4E44-6829-4BD2-920C-B3AFA513E650}.Ad-Hoc|iPhoneSimulator.ActiveCfg = Debug|Any CPU
		{04DF4E44-6829-4BD2-920C-B3AFA513E650}.Ad-Hoc|iPhoneSimulator.Build.0 = Debug|Any CPU
		{04DF4E44-6829-4BD2-920C-B3AFA513E650}.Ad-Hoc|x64.ActiveCfg = Debug|Any CPU
		{04DF4E44-6829-4BD2-920C-B3AFA513E650}.Ad-Hoc|x64.Build.0 = Debug|Any CPU
		{04DF4E44-6829-4BD2-920C-B3AFA513E650}.Ad-Hoc|x86.ActiveCfg = Debug|Any CPU
		{04DF4E44-6829-4BD2-920C-B3AFA513E650}.Ad-Hoc|x86.Build.0 = Debug|Any CPU
		{04DF4E44-6829-4BD2-920C-B3AFA513E650}.AppStore|Any CPU.ActiveCfg = Debug|Any CPU
		{04DF4E44-6829-4BD2-920C-B3AFA513E650}.AppStore|Any CPU.Build.0 = Debug|Any CPU
		{04DF4E44-6829-4BD2-920C-B3AFA513E650}.AppStore|ARM.ActiveCfg = Debug|Any CPU
		{04DF4E44-6829-4BD2-920C-B3AFA513E650}.AppStore|ARM.Build.0 = Debug|Any CPU
		{04DF4E44-6829-4BD2-920C-B3AFA513E650}.AppStore|iPhone.ActiveCfg = Debug|Any CPU
		{04DF4E44-6829-4BD2-920C-B3AFA513E650}.AppStore|iPhone.Build.0 = Debug|Any CPU
		{04DF4E44-6829-4BD2-920C-B3AFA513E650}.AppStore|iPhoneSimulator.ActiveCfg = Debug|Any CPU
		{04DF4E44-6829-4BD2-920C-B3AFA513E650}.AppStore|iPhoneSimulator.Build.0 = Debug|Any CPU
		{04DF4E44-6829-4BD2-920C-B3AFA513E650}.AppStore|x64.ActiveCfg = Debug|Any CPU
		{04DF4E44-6829-4BD2-920C-B3AFA513E650}.AppStore|x64.Build.0 = Debug|Any CPU
		{04DF4E44-6829-4BD2-920C-B3AFA513E650}.AppStore|x86.ActiveCfg = Debug|Any CPU
		{04DF4E44-6829-4BD2-920C-B3AFA513E650}.AppStore|x86.Build.0 = Debug|Any CPU
		{04DF4E44-6829-4BD2-920C-B3AFA513E650}.Debug|Any CPU.ActiveCfg = Debug|Any CPU
		{04DF4E44-6829-4BD2-920C-B3AFA513E650}.Debug|Any CPU.Build.0 = Debug|Any CPU
		{04DF4E44-6829-4BD2-920C-B3AFA513E650}.Debug|ARM.ActiveCfg = Debug|Any CPU
		{04DF4E44-6829-4BD2-920C-B3AFA513E650}.Debug|ARM.Build.0 = Debug|Any CPU
		{04DF4E44-6829-4BD2-920C-B3AFA513E650}.Debug|iPhone.ActiveCfg = Debug|Any CPU
		{04DF4E44-6829-4BD2-920C-B3AFA513E650}.Debug|iPhone.Build.0 = Debug|Any CPU
		{04DF4E44-6829-4BD2-920C-B3AFA513E650}.Debug|iPhoneSimulator.ActiveCfg = Debug|Any CPU
		{04DF4E44-6829-4BD2-920C-B3AFA513E650}.Debug|iPhoneSimulator.Build.0 = Debug|Any CPU
		{04DF4E44-6829-4BD2-920C-B3AFA513E650}.Debug|x64.ActiveCfg = Debug|Any CPU
		{04DF4E44-6829-4BD2-920C-B3AFA513E650}.Debug|x64.Build.0 = Debug|Any CPU
		{04DF4E44-6829-4BD2-920C-B3AFA513E650}.Debug|x86.ActiveCfg = Debug|Any CPU
		{04DF4E44-6829-4BD2-920C-B3AFA513E650}.Debug|x86.Build.0 = Debug|Any CPU
		{04DF4E44-6829-4BD2-920C-B3AFA513E650}.Release|Any CPU.ActiveCfg = Release|Any CPU
		{04DF4E44-6829-4BD2-920C-B3AFA513E650}.Release|Any CPU.Build.0 = Release|Any CPU
		{04DF4E44-6829-4BD2-920C-B3AFA513E650}.Release|ARM.ActiveCfg = Release|Any CPU
		{04DF4E44-6829-4BD2-920C-B3AFA513E650}.Release|ARM.Build.0 = Release|Any CPU
		{04DF4E44-6829-4BD2-920C-B3AFA513E650}.Release|iPhone.ActiveCfg = Release|Any CPU
		{04DF4E44-6829-4BD2-920C-B3AFA513E650}.Release|iPhone.Build.0 = Release|Any CPU
		{04DF4E44-6829-4BD2-920C-B3AFA513E650}.Release|iPhoneSimulator.ActiveCfg = Release|Any CPU
		{04DF4E44-6829-4BD2-920C-B3AFA513E650}.Release|iPhoneSimulator.Build.0 = Release|Any CPU
		{04DF4E44-6829-4BD2-920C-B3AFA513E650}.Release|x64.ActiveCfg = Release|Any CPU
		{04DF4E44-6829-4BD2-920C-B3AFA513E650}.Release|x64.Build.0 = Release|Any CPU
		{04DF4E44-6829-4BD2-920C-B3AFA513E650}.Release|x86.ActiveCfg = Release|Any CPU
		{04DF4E44-6829-4BD2-920C-B3AFA513E650}.Release|x86.Build.0 = Release|Any CPU
	EndGlobalSection
	GlobalSection(SolutionProperties) = preSolution
		HideSolutionNode = FALSE
	EndGlobalSection
EndGlobal
